
Microsoft Visual Studio Solution File, Format Version 12.00
# Visual Studio 15
Project("{FAE04EC0-301F-11D3-BF4B-00C04F79EFBC}") = "spine-unity-examples", "spine-unity-examples.csproj", "{33262D6B-A8C8-FA4D-7E8B-8A4486F17FFC}"
EndProject
Project("{FAE04EC0-301F-11D3-BF4B-00C04F79EFBC}") = "spine-unity-editor", "spine-unity-editor.csproj", "{4842DE61-EC92-057A-2F2C-ADDE7270E851}"
EndProject
Project("{FAE04EC0-301F-11D3-BF4B-00C04F79EFBC}") = "spine-unity", "spine-unity.csproj", "{834ABA8A-D2BC-96B2-5640-63D58920D65E}"
EndProject
Project("{FAE04EC0-301F-11D3-BF4B-00C04F79EFBC}") = "Assembly-CSharp", "Assembly-CSharp.csproj", "{27B3611D-2E16-63E6-98EA-3A934022A284}"
EndProject
Project("{FAE04EC0-301F-11D3-BF4B-00C04F79EFBC}") = "spine-unity-examples-editor", "spine-unity-examples-editor.csproj", "{1E6D2CB3-DF80-B36F-4011-118FF0452E2C}"
EndProject
Global
	GlobalSection(SolutionConfigurationPlatforms) = preSolution
		Debug|Any CPU = Debug|Any CPU
		Release|Any CPU = Release|Any CPU
	EndGlobalSection
	GlobalSection(ProjectConfigurationPlatforms) = postSolution
		{33262D6B-A8C8-FA4D-7E8B-8A4486F17FFC}.Debug|Any CPU.ActiveCfg = Debug|Any CPU
		{33262D6B-A8C8-FA4D-7E8B-8A4486F17FFC}.Debug|Any CPU.Build.0 = Debug|Any CPU
		{33262D6B-A8C8-FA4D-7E8B-8A4486F17FFC}.Release|Any CPU.ActiveCfg = Release|Any CPU
		{33262D6B-A8C8-FA4D-7E8B-8A4486F17FFC}.Release|Any CPU.Build.0 = Release|Any CPU
		{4842DE61-EC92-057A-2F2C-ADDE7270E851}.Debug|Any CPU.ActiveCfg = Debug|Any CPU
		{4842DE61-EC92-057A-2F2C-ADDE7270E851}.Debug|Any CPU.Build.0 = Debug|Any CPU
		{4842DE61-EC92-057A-2F2C-ADDE7270E851}.Release|Any CPU.ActiveCfg = Release|Any CPU
		{4842DE61-EC92-057A-2F2C-ADDE7270E851}.Release|Any CPU.Build.0 = Release|Any CPU
		{834ABA8A-D2BC-96B2-5640-63D58920D65E}.Debug|Any CPU.ActiveCfg = Debug|Any CPU
		{834ABA8A-D2BC-96B2-5640-63D58920D65E}.Debug|Any CPU.Build.0 = Debug|Any CPU
		{834ABA8A-D2BC-96B2-5640-63D58920D65E}.Release|Any CPU.ActiveCfg = Release|Any CPU
		{834ABA8A-D2BC-96B2-5640-63D58920D65E}.Release|Any CPU.Build.0 = Release|Any CPU
		{27B3611D-2E16-63E6-98EA-3A934022A284}.Debug|Any CPU.ActiveCfg = Debug|Any CPU
		{27B3611D-2E16-63E6-98EA-3A934022A284}.Debug|Any CPU.Build.0 = Debug|Any CPU
		{27B3611D-2E16-63E6-98EA-3A934022A284}.Release|Any CPU.ActiveCfg = Release|Any CPU
		{27B3611D-2E16-63E6-98EA-3A934022A284}.Release|Any CPU.Build.0 = Release|Any CPU
		{1E6D2CB3-DF80-B36F-4011-118FF0452E2C}.Debug|Any CPU.ActiveCfg = Debug|Any CPU
		{1E6D2CB3-DF80-B36F-4011-118FF0452E2C}.Debug|Any CPU.Build.0 = Debug|Any CPU
		{1E6D2CB3-DF80-B36F-4011-118FF0452E2C}.Release|Any CPU.ActiveCfg = Release|Any CPU
		{1E6D2CB3-DF80-B36F-4011-118FF0452E2C}.Release|Any CPU.Build.0 = Release|Any CPU
	EndGlobalSection
	GlobalSection(SolutionProperties) = preSolution
		HideSolutionNode = FALSE
	EndGlobalSection
EndGlobal
